
Microsoft Visual Studio Solution File, Format Version 12.00
# Visual Studio Version 16
VisualStudioVersion = 16.0.29306.81
MinimumVisualStudioVersion = 10.0.40219.1
Project("{9A19103F-16F7-4668-BE54-9A1E7A4F7556}") = "ClassLibrary", "ClassLibrary\ClassLibrary.csproj", "{68DCEA9D-2012-4E55-BC6C-7F5B0A18C7D5}"
EndProject
Project("{9A19103F-16F7-4668-BE54-9A1E7A4F7556}") = "LibraryTests", "LibraryTests\LibraryTests.csproj", "{4666D061-A08F-4AE5-AE54-65BE1810253A}"
EndProject
Project("{FAE04EC0-301F-11D3-BF4B-00C04F79EFBC}") = "StoreBaeltTicketLibrary", "Storebæltsbroen\StoreBaeltTicketLibrary.csproj", "{668D806C-7DE0-497C-B8AC-FB0C764D1DB7}"
EndProject
Project("{FAE04EC0-301F-11D3-BF4B-00C04F79EFBC}") = "OresundBron", "OresundBron\OresundBron.csproj", "{786E3206-7C1E-4B76-AE31-99D9B8840806}"
EndProject
Global
	GlobalSection(SolutionConfigurationPlatforms) = preSolution
		Debug|Any CPU = Debug|Any CPU
		Release|Any CPU = Release|Any CPU
	EndGlobalSection
	GlobalSection(ProjectConfigurationPlatforms) = postSolution
		{68DCEA9D-2012-4E55-BC6C-7F5B0A18C7D5}.Debug|Any CPU.ActiveCfg = Debug|Any CPU
		{68DCEA9D-2012-4E55-BC6C-7F5B0A18C7D5}.Debug|Any CPU.Build.0 = Debug|Any CPU
		{68DCEA9D-2012-4E55-BC6C-7F5B0A18C7D5}.Release|Any CPU.ActiveCfg = Release|Any CPU
		{68DCEA9D-2012-4E55-BC6C-7F5B0A18C7D5}.Release|Any CPU.Build.0 = Release|Any CPU
		{4666D061-A08F-4AE5-AE54-65BE1810253A}.Debug|Any CPU.ActiveCfg = Debug|Any CPU
		{4666D061-A08F-4AE5-AE54-65BE1810253A}.Debug|Any CPU.Build.0 = Debug|Any CPU
		{4666D061-A08F-4AE5-AE54-65BE1810253A}.Release|Any CPU.ActiveCfg = Release|Any CPU
		{4666D061-A08F-4AE5-AE54-65BE1810253A}.Release|Any CPU.Build.0 = Release|Any CPU
		{668D806C-7DE0-497C-B8AC-FB0C764D1DB7}.Debug|Any CPU.ActiveCfg = Debug|Any CPU
		{668D806C-7DE0-497C-B8AC-FB0C764D1DB7}.Debug|Any CPU.Build.0 = Debug|Any CPU
		{668D806C-7DE0-497C-B8AC-FB0C764D1DB7}.Release|Any CPU.ActiveCfg = Release|Any CPU
		{668D806C-7DE0-497C-B8AC-FB0C764D1DB7}.Release|Any CPU.Build.0 = Release|Any CPU
		{786E3206-7C1E-4B76-AE31-99D9B8840806}.Debug|Any CPU.ActiveCfg = Debug|Any CPU
		{786E3206-7C1E-4B76-AE31-99D9B8840806}.Debug|Any CPU.Build.0 = Debug|Any CPU
		{786E3206-7C1E-4B76-AE31-99D9B8840806}.Release|Any CPU.ActiveCfg = Release|Any CPU
		{786E3206-7C1E-4B76-AE31-99D9B8840806}.Release|Any CPU.Build.0 = Release|Any CPU
	EndGlobalSection
	GlobalSection(SolutionProperties) = preSolution
		HideSolutionNode = FALSE
	EndGlobalSection
	GlobalSection(ExtensibilityGlobals) = postSolution
		SolutionGuid = {DB369C67-9400-4357-8DE2-2A4EE9D05B4E}
	EndGlobalSection
EndGlobal
